
Microsoft Visual Studio Solution File, Format Version 12.00
# Visual Studio 15
VisualStudioVersion = 15.0.28010.2016
MinimumVisualStudioVersion = 10.0.40219.1
Project("{FAE04EC0-301F-11D3-BF4B-00C04F79EFBC}") = "opdracht 1", "opdracht 1\opdracht 1.csproj", "{BB5765EC-1BE6-4A79-837B-66972032F008}"
EndProject
Project("{FAE04EC0-301F-11D3-BF4B-00C04F79EFBC}") = "opdracht5", "opdracht5\opdracht5.csproj", "{B2B5372E-8AFB-4678-A81E-F56BEED298D2}"
EndProject
Global
	GlobalSection(SolutionConfigurationPlatforms) = preSolution
		Debug|Any CPU = Debug|Any CPU
		Release|Any CPU = Release|Any CPU
	EndGlobalSection
	GlobalSection(ProjectConfigurationPlatforms) = postSolution
		{BB5765EC-1BE6-4A79-837B-66972032F008}.Debug|Any CPU.ActiveCfg = Debug|Any CPU
		{BB5765EC-1BE6-4A79-837B-66972032F008}.Debug|Any CPU.Build.0 = Debug|Any CPU
		{BB5765EC-1BE6-4A79-837B-66972032F008}.Release|Any CPU.ActiveCfg = Release|Any CPU
		{BB5765EC-1BE6-4A79-837B-66972032F008}.Release|Any CPU.Build.0 = Release|Any CPU
		{B2B5372E-8AFB-4678-A81E-F56BEED298D2}.Debug|Any CPU.ActiveCfg = Debug|Any CPU
		{B2B5372E-8AFB-4678-A81E-F56BEED298D2}.Debug|Any CPU.Build.0 = Debug|Any CPU
		{B2B5372E-8AFB-4678-A81E-F56BEED298D2}.Release|Any CPU.ActiveCfg = Release|Any CPU
		{B2B5372E-8AFB-4678-A81E-F56BEED298D2}.Release|Any CPU.Build.0 = Release|Any CPU
	EndGlobalSection
	GlobalSection(SolutionProperties) = preSolution
		HideSolutionNode = FALSE
	EndGlobalSection
	GlobalSection(ExtensibilityGlobals) = postSolution
		SolutionGuid = {1E420F3A-4DB6-4D57-B862-2E73CA2CDFDF}
	EndGlobalSection
EndGlobal
